// !$*UTF8*$!
{
	archiveVersion = 1;
	classes = {
	};
	objectVersion = 56;
	objects = {

/* Begin PBXBuildFile section */
		A312F7FB2A1E805E00C9B3A5 /* AppDelegate.swift in Sources */ = {isa = PBXBuildFile; fileRef = A312F7FA2A1E805E00C9B3A5 /* AppDelegate.swift */; };
		A312F7FD2A1E805E00C9B3A5 /* SceneDelegate.swift in Sources */ = {isa = PBXBuildFile; fileRef = A312F7FC2A1E805E00C9B3A5 /* SceneDelegate.swift */; };
		A312F7FF2A1E805E00C9B3A5 /* ViewController.swift in Sources */ = {isa = PBXBuildFile; fileRef = A312F7FE2A1E805E00C9B3A5 /* ViewController.swift */; };
		A312F8022A1E805E00C9B3A5 /* Main.storyboard in Resources */ = {isa = PBXBuildFile; fileRef = A312F8002A1E805E00C9B3A5 /* Main.storyboard */; };
		A312F8042A1E805F00C9B3A5 /* Assets.xcassets in Resources */ = {isa = PBXBuildFile; fileRef = A312F8032A1E805F00C9B3A5 /* Assets.xcassets */; };
		A312F8072A1E805F00C9B3A5 /* LaunchScreen.storyboard in Resources */ = {isa = PBXBuildFile; fileRef = A312F8052A1E805F00C9B3A5 /* LaunchScreen.storyboard */; };
		A312F8122A1E805F00C9B3A5 /* UnitConversionTests.swift in Sources */ = {isa = PBXBuildFile; fileRef = A312F8112A1E805F00C9B3A5 /* UnitConversionTests.swift */; };
		A312F81C2A1E805F00C9B3A5 /* UnitConversionUITests.swift in Sources */ = {isa = PBXBuildFile; fileRef = A312F81B2A1E805F00C9B3A5 /* UnitConversionUITests.swift */; };
		A312F81E2A1E805F00C9B3A5 /* UnitConversionUITestsLaunchTests.swift in Sources */ = {isa = PBXBuildFile; fileRef = A312F81D2A1E805F00C9B3A5 /* UnitConversionUITestsLaunchTests.swift */; };
/* End PBXBuildFile section */

/* Begin PBXContainerItemProxy section */
		A312F80E2A1E805F00C9B3A5 /* PBXContainerItemProxy */ = {
			isa = PBXContainerItemProxy;
			containerPortal = A312F7EF2A1E805E00C9B3A5 /* Project object */;
			proxyType = 1;
			remoteGlobalIDString = A312F7F62A1E805E00C9B3A5;
			remoteInfo = UnitConversion;
		};
		A312F8182A1E805F00C9B3A5 /* PBXContainerItemProxy */ = {
			isa = PBXContainerItemProxy;
			containerPortal = A312F7EF2A1E805E00C9B3A5 /* Project object */;
			proxyType = 1;
			remoteGlobalIDString = A312F7F62A1E805E00C9B3A5;
			remoteInfo = UnitConversion;
		};
/* End PBXContainerItemProxy section */

/* Begin PBXFileReference section */
		A312F7F72A1E805E00C9B3A5 /* UnitConversion.app */ = {isa = PBXFileReference; explicitFileType = wrapper.application; includeInIndex = 0; path = UnitConversion.app; sourceTree = BUILT_PRODUCTS_DIR; };
		A312F7FA2A1E805E00C9B3A5 /* AppDelegate.swift */ = {isa = PBXFileReference; lastKnownFileType = sourcecode.swift; path = AppDelegate.swift; sourceTree = "<group>"; };
		A312F7FC2A1E805E00C9B3A5 /* SceneDelegate.swift */ = {isa = PBXFileReference; lastKnownFileType = sourcecode.swift; path = SceneDelegate.swift; sourceTree = "<group>"; };
		A312F7FE2A1E805E00C9B3A5 /* ViewController.swift */ = {isa = PBXFileReference; lastKnownFileType = sourcecode.swift; path = ViewController.swift; sourceTree = "<group>"; };
		A312F8012A1E805E00C9B3A5 /* Base */ = {isa = PBXFileReference; lastKnownFileType = file.storyboard; name = Base; path = Base.lproj/Main.storyboard; sourceTree = "<group>"; };
		A312F8032A1E805F00C9B3A5 /* Assets.xcassets */ = {isa = PBXFileReference; lastKnownFileType = folder.assetcatalog; path = Assets.xcassets; sourceTree = "<group>"; };
		A312F8062A1E805F00C9B3A5 /* Base */ = {isa = PBXFileReference; lastKnownFileType = file.storyboard; name = Base; path = Base.lproj/LaunchScreen.storyboard; sourceTree = "<group>"; };
		A312F8082A1E805F00C9B3A5 /* Info.plist */ = {isa = PBXFileReference; lastKnownFileType = text.plist.xml; path = Info.plist; sourceTree = "<group>"; };
		A312F80D2A1E805F00C9B3A5 /* UnitConversionTests.xctest */ = {isa = PBXFileReference; explicitFileType = wrapper.cfbundle; includeInIndex = 0; path = UnitConversionTests.xctest; sourceTree = BUILT_PRODUCTS_DIR; };
		A312F8112A1E805F00C9B3A5 /* UnitConversionTests.swift */ = {isa = PBXFileReference; lastKnownFileType = sourcecode.swift; path = UnitConversionTests.swift; sourceTree = "<group>"; };
		A312F8172A1E805F00C9B3A5 /* UnitConversionUITests.xctest */ = {isa = PBXFileReference; explicitFileType = wrapper.cfbundle; includeInIndex = 0; path = UnitConversionUITests.xctest; sourceTree = BUILT_PRODUCTS_DIR; };
		A312F81B2A1E805F00C9B3A5 /* UnitConversionUITests.swift */ = {isa = PBXFileReference; lastKnownFileType = sourcecode.swift; path = UnitConversionUITests.swift; sourceTree = "<group>"; };
		A312F81D2A1E805F00C9B3A5 /* UnitConversionUITestsLaunchTests.swift */ = {isa = PBXFileReference; lastKnownFileType = sourcecode.swift; path = UnitConversionUITestsLaunchTests.swift; sourceTree = "<group>"; };
/* End PBXFileReference section */

/* Begin PBXFrameworksBuildPhase section */
		A312F7F42A1E805E00C9B3A5 /* Frameworks */ = {
			isa = PBXFrameworksBuildPhase;
			buildActionMask = 2147483647;
			files = (
			);
			runOnlyForDeploymentPostprocessing = 0;
		};
		A312F80A2A1E805F00C9B3A5 /* Frameworks */ = {
			isa = PBXFrameworksBuildPhase;
			buildActionMask = 2147483647;
			files = (
			);
			runOnlyForDeploymentPostprocessing = 0;
		};
		A312F8142A1E805F00C9B3A5 /* Frameworks */ = {
			isa = PBXFrameworksBuildPhase;
			buildActionMask = 2147483647;
			files = (
			);
			runOnlyForDeploymentPostprocessing = 0;
		};
/* End PBXFrameworksBuildPhase section */

/* Begin PBXGroup section */
		A312F7EE2A1E805E00C9B3A5 = {
			isa = PBXGroup;
			children = (
				A312F7F92A1E805E00C9B3A5 /* UnitConversion */,
				A312F8102A1E805F00C9B3A5 /* UnitConversionTests */,
				A312F81A2A1E805F00C9B3A5 /* UnitConversionUITests */,
				A312F7F82A1E805E00C9B3A5 /* Products */,
			);
			sourceTree = "<group>";
		};
		A312F7F82A1E805E00C9B3A5 /* Products */ = {
			isa = PBXGroup;
			children = (
				A312F7F72A1E805E00C9B3A5 /* UnitConversion.app */,
				A312F80D2A1E805F00C9B3A5 /* UnitConversionTests.xctest */,
				A312F8172A1E805F00C9B3A5 /* UnitConversionUITests.xctest */,
			);
			name = Products;
			sourceTree = "<group>";
		};
		A312F7F92A1E805E00C9B3A5 /* UnitConversion */ = {
			isa = PBXGroup;
			children = (
				A312F7FA2A1E805E00C9B3A5 /* AppDelegate.swift */,
				A312F7FC2A1E805E00C9B3A5 /* SceneDelegate.swift */,
				A312F7FE2A1E805E00C9B3A5 /* ViewController.swift */,
				A312F8002A1E805E00C9B3A5 /* Main.storyboard */,
				A312F8032A1E805F00C9B3A5 /* Assets.xcassets */,
				A312F8052A1E805F00C9B3A5 /* LaunchScreen.storyboard */,
				A312F8082A1E805F00C9B3A5 /* Info.plist */,
			);
			path = UnitConversion;
			sourceTree = "<group>";
		};
		A312F8102A1E805F00C9B3A5 /* UnitConversionTests */ = {
			isa = PBXGroup;
			children = (
				A312F8112A1E805F00C9B3A5 /* UnitConversionTests.swift */,
			);
			path = UnitConversionTests;
			sourceTree = "<group>";
		};
		A312F81A2A1E805F00C9B3A5 /* UnitConversionUITests */ = {
			isa = PBXGroup;
			children = (
				A312F81B2A1E805F00C9B3A5 /* UnitConversionUITests.swift */,
				A312F81D2A1E805F00C9B3A5 /* UnitConversionUITestsLaunchTests.swift */,
			);
			path = UnitConversionUITests;
			sourceTree = "<group>";
		};
/* End PBXGroup section */

/* Begin PBXNativeTarget section */
		A312F7F62A1E805E00C9B3A5 /* UnitConversion */ = {
			isa = PBXNativeTarget;
			buildConfigurationList = A312F8212A1E805F00C9B3A5 /* Build configuration list for PBXNativeTarget "UnitConversion" */;
			buildPhases = (
				A312F7F32A1E805E00C9B3A5 /* Sources */,
				A312F7F42A1E805E00C9B3A5 /* Frameworks */,
				A312F7F52A1E805E00C9B3A5 /* Resources */,
			);
			buildRules = (
			);
			dependencies = (
			);
			name = UnitConversion;
			productName = UnitConversion;
			productReference = A312F7F72A1E805E00C9B3A5 /* UnitConversion.app */;
			productType = "com.apple.product-type.application";
		};
		A312F80C2A1E805F00C9B3A5 /* UnitConversionTests */ = {
			isa = PBXNativeTarget;
			buildConfigurationList = A312F8242A1E805F00C9B3A5 /* Build configuration list for PBXNativeTarget "UnitConversionTests" */;
			buildPhases = (
				A312F8092A1E805F00C9B3A5 /* Sources */,
				A312F80A2A1E805F00C9B3A5 /* Frameworks */,
				A312F80B2A1E805F00C9B3A5 /* Resources */,
			);
			buildRules = (
			);
			dependencies = (
				A312F80F2A1E805F00C9B3A5 /* PBXTargetDependency */,
			);
			name = UnitConversionTests;
			productName = UnitConversionTests;
			productReference = A312F80D2A1E805F00C9B3A5 /* UnitConversionTests.xctest */;
			productType = "com.apple.product-type.bundle.unit-test";
		};
		A312F8162A1E805F00C9B3A5 /* UnitConversionUITests */ = {
			isa = PBXNativeTarget;
			buildConfigurationList = A312F8272A1E805F00C9B3A5 /* Build configuration list for PBXNativeTarget "UnitConversionUITests" */;
			buildPhases = (
				A312F8132A1E805F00C9B3A5 /* Sources */,
				A312F8142A1E805F00C9B3A5 /* Frameworks */,
				A312F8152A1E805F00C9B3A5 /* Resources */,
			);
			buildRules = (
			);
			dependencies = (
				A312F8192A1E805F00C9B3A5 /* PBXTargetDependency */,
			);
			name = UnitConversionUITests;
			productName = UnitConversionUITests;
			productReference = A312F8172A1E805F00C9B3A5 /* UnitConversionUITests.xctest */;
			productType = "com.apple.product-type.bundle.ui-testing";
		};
/* End PBXNativeTarget section */

/* Begin PBXProject section */
		A312F7EF2A1E805E00C9B3A5 /* Project object */ = {
			isa = PBXProject;
			attributes = {
				BuildIndependentTargetsInParallel = 1;
				LastSwiftUpdateCheck = 1420;
				LastUpgradeCheck = 1420;
				TargetAttributes = {
					A312F7F62A1E805E00C9B3A5 = {
						CreatedOnToolsVersion = 14.2;
					};
					A312F80C2A1E805F00C9B3A5 = {
						CreatedOnToolsVersion = 14.2;
						TestTargetID = A312F7F62A1E805E00C9B3A5;
					};
					A312F8162A1E805F00C9B3A5 = {
						CreatedOnToolsVersion = 14.2;
						TestTargetID = A312F7F62A1E805E00C9B3A5;
					};
				};
			};
			buildConfigurationList = A312F7F22A1E805E00C9B3A5 /* Build configuration list for PBXProject "UnitConversion" */;
			compatibilityVersion = "Xcode 14.0";
			developmentRegion = en;
			hasScannedForEncodings = 0;
			knownRegions = (
				en,
				Base,
			);
			mainGroup = A312F7EE2A1E805E00C9B3A5;
			productRefGroup = A312F7F82A1E805E00C9B3A5 /* Products */;
			projectDirPath = "";
			projectRoot = "";
			targets = (
				A312F7F62A1E805E00C9B3A5 /* UnitConversion */,
				A312F80C2A1E805F00C9B3A5 /* UnitConversionTests */,
				A312F8162A1E805F00C9B3A5 /* UnitConversionUITests */,
			);
		};
/* End PBXProject section */

/* Begin PBXResourcesBuildPhase section */
		A312F7F52A1E805E00C9B3A5 /* Resources */ = {
			isa = PBXResourcesBuildPhase;
			buildActionMask = 2147483647;
			files = (
				A312F8072A1E805F00C9B3A5 /* LaunchScreen.storyboard in Resources */,
				A312F8042A1E805F00C9B3A5 /* Assets.xcassets in Resources */,
				A312F8022A1E805E00C9B3A5 /* Main.storyboard in Resources */,
			);
			runOnlyForDeploymentPostprocessing = 0;
		};
		A312F80B2A1E805F00C9B3A5 /* Resources */ = {
			isa = PBXResourcesBuildPhase;
			buildActionMask = 2147483647;
			files = (
			);
			runOnlyForDeploymentPostprocessing = 0;
		};
		A312F8152A1E805F00C9B3A5 /* Resources */ = {
			isa = PBXResourcesBuildPhase;
			buildActionMask = 2147483647;
			files = (
			);
			runOnlyForDeploymentPostprocessing = 0;
		};
/* End PBXResourcesBuildPhase section */

/* Begin PBXSourcesBuildPhase section */
		A312F7F32A1E805E00C9B3A5 /* Sources */ = {
			isa = PBXSourcesBuildPhase;
			buildActionMask = 2147483647;
			files = (
				A312F7FF2A1E805E00C9B3A5 /* ViewController.swift in Sources */,
				A312F7FB2A1E805E00C9B3A5 /* AppDelegate.swift in Sources */,
				A312F7FD2A1E805E00C9B3A5 /* SceneDelegate.swift in Sources */,
			);
			runOnlyForDeploymentPostprocessing = 0;
		};
		A312F8092A1E805F00C9B3A5 /* Sources */ = {
			isa = PBXSourcesBuildPhase;
			buildActionMask = 2147483647;
			files = (
				A312F8122A1E805F00C9B3A5 /* UnitConversionTests.swift in Sources */,
			);
			runOnlyForDeploymentPostprocessing = 0;
		};
		A312F8132A1E805F00C9B3A5 /* Sources */ = {
			isa = PBXSourcesBuildPhase;
			buildActionMask = 2147483647;
			files = (
				A312F81E2A1E805F00C9B3A5 /* UnitConversionUITestsLaunchTests.swift in Sources */,
				A312F81C2A1E805F00C9B3A5 /* UnitConversionUITests.swift in Sources */,
			);
			runOnlyForDeploymentPostprocessing = 0;
		};
/* End PBXSourcesBuildPhase section */

/* Begin PBXTargetDependency section */
		A312F80F2A1E805F00C9B3A5 /* PBXTargetDependency */ = {
			isa = PBXTargetDependency;
			target = A312F7F62A1E805E00C9B3A5 /* UnitConversion */;
			targetProxy = A312F80E2A1E805F00C9B3A5 /* PBXContainerItemProxy */;
		};
		A312F8192A1E805F00C9B3A5 /* PBXTargetDependency */ = {
			isa = PBXTargetDependency;
			target = A312F7F62A1E805E00C9B3A5 /* UnitConversion */;
			targetProxy = A312F8182A1E805F00C9B3A5 /* PBXContainerItemProxy */;
		};
/* End PBXTargetDependency section */

/* Begin PBXVariantGroup section */
		A312F8002A1E805E00C9B3A5 /* Main.storyboard */ = {
			isa = PBXVariantGroup;
			children = (
				A312F8012A1E805E00C9B3A5 /* Base */,
			);
			name = Main.storyboard;
			sourceTree = "<group>";
		};
		A312F8052A1E805F00C9B3A5 /* LaunchScreen.storyboard */ = {
			isa = PBXVariantGroup;
			children = (
				A312F8062A1E805F00C9B3A5 /* Base */,
			);
			name = LaunchScreen.storyboard;
			sourceTree = "<group>";
		};
/* End PBXVariantGroup section */

/* Begin XCBuildConfiguration section */
		A312F81F2A1E805F00C9B3A5 /* Debug */ = {
			isa = XCBuildConfiguration;
			buildSettings = {
				ALWAYS_SEARCH_USER_PATHS = NO;
				CLANG_ANALYZER_NONNULL = YES;
				CLANG_ANALYZER_NUMBER_OBJECT_CONVERSION = YES_AGGRESSIVE;
				CLANG_CXX_LANGUAGE_STANDARD = "gnu++20";
				CLANG_ENABLE_MODULES = YES;
				CLANG_ENABLE_OBJC_ARC = YES;
				CLANG_ENABLE_OBJC_WEAK = YES;
				CLANG_WARN_BLOCK_CAPTURE_AUTORELEASING = YES;
				CLANG_WARN_BOOL_CONVERSION = YES;
				CLANG_WARN_COMMA = YES;
				CLANG_WARN_CONSTANT_CONVERSION = YES;
				CLANG_WARN_DEPRECATED_OBJC_IMPLEMENTATIONS = YES;
				CLANG_WARN_DIRECT_OBJC_ISA_USAGE = YES_ERROR;
				CLANG_WARN_DOCUMENTATION_COMMENTS = YES;
				CLANG_WARN_EMPTY_BODY = YES;
				CLANG_WARN_ENUM_CONVERSION = YES;
				CLANG_WARN_INFINITE_RECURSION = YES;
				CLANG_WARN_INT_CONVERSION = YES;
				CLANG_WARN_NON_LITERAL_NULL_CONVERSION = YES;
				CLANG_WARN_OBJC_IMPLICIT_RETAIN_SELF = YES;
				CLANG_WARN_OBJC_LITERAL_CONVERSION = YES;
				CLANG_WARN_OBJC_ROOT_CLASS = YES_ERROR;
				CLANG_WARN_QUOTED_INCLUDE_IN_FRAMEWORK_HEADER = YES;
				CLANG_WARN_RANGE_LOOP_ANALYSIS = YES;
				CLANG_WARN_STRICT_PROTOTYPES = YES;
				CLANG_WARN_SUSPICIOUS_MOVE = YES;
				CLANG_WARN_UNGUARDED_AVAILABILITY = YES_AGGRESSIVE;
				CLANG_WARN_UNREACHABLE_CODE = YES;
				CLANG_WARN__DUPLICATE_METHOD_MATCH = YES;
				COPY_PHASE_STRIP = NO;
				DEBUG_INFORMATION_FORMAT = dwarf;
				ENABLE_STRICT_OBJC_MSGSEND = YES;
				ENABLE_TESTABILITY = YES;
				GCC_C_LANGUAGE_STANDARD = gnu11;
				GCC_DYNAMIC_NO_PIC = NO;
				GCC_NO_COMMON_BLOCKS = YES;
				GCC_OPTIMIZATION_LEVEL = 0;
				GCC_PREPROCESSOR_DEFINITIONS = (
					"DEBUG=1",
					"$(inherited)",
				);
				GCC_WARN_64_TO_32_BIT_CONVERSION = YES;
				GCC_WARN_ABOUT_RETURN_TYPE = YES_ERROR;
				GCC_WARN_UNDECLARED_SELECTOR = YES;
				GCC_WARN_UNINITIALIZED_AUTOS = YES_AGGRESSIVE;
				GCC_WARN_UNUSED_FUNCTION = YES;
				GCC_WARN_UNUSED_VARIABLE = YES;
				IPHONEOS_DEPLOYMENT_TARGET = 16.2;
				MTL_ENABLE_DEBUG_INFO = INCLUDE_SOURCE;
				MTL_FAST_MATH = YES;
				ONLY_ACTIVE_ARCH = YES;
				SDKROOT = iphoneos;
				SWIFT_ACTIVE_COMPILATION_CONDITIONS = DEBUG;
				SWIFT_OPTIMIZATION_LEVEL = "-Onone";
			};
			name = Debug;
		};
		A312F8202A1E805F00C9B3A5 /* Release */ = {
			isa = XCBuildConfiguration;
			buildSettings = {
				ALWAYS_SEARCH_USER_PATHS = NO;
				CLANG_ANALYZER_NONNULL = YES;
				CLANG_ANALYZER_NUMBER_OBJECT_CONVERSION = YES_AGGRESSIVE;
				CLANG_CXX_LANGUAGE_STANDARD = "gnu++20";
				CLANG_ENABLE_MODULES = YES;
				CLANG_ENABLE_OBJC_ARC = YES;
				CLANG_ENABLE_OBJC_WEAK = YES;
				CLANG_WARN_BLOCK_CAPTURE_AUTORELEASING = YES;
				CLANG_WARN_BOOL_CONVERSION = YES;
				CLANG_WARN_COMMA = YES;
				CLANG_WARN_CONSTANT_CONVERSION = YES;
				CLANG_WARN_DEPRECATED_OBJC_IMPLEMENTATIONS = YES;
				CLANG_WARN_DIRECT_OBJC_ISA_USAGE = YES_ERROR;
				CLANG_WARN_DOCUMENTATION_COMMENTS = YES;
				CLANG_WARN_EMPTY_BODY = YES;
				CLANG_WARN_ENUM_CONVERSION = YES;
				CLANG_WARN_INFINITE_RECURSION = YES;
				CLANG_WARN_INT_CONVERSION = YES;
				CLANG_WARN_NON_LITERAL_NULL_CONVERSION = YES;
				CLANG_WARN_OBJC_IMPLICIT_RETAIN_SELF = YES;
				CLANG_WARN_OBJC_LITERAL_CONVERSION = YES;
				CLANG_WARN_OBJC_ROOT_CLASS = YES_ERROR;
				CLANG_WARN_QUOTED_INCLUDE_IN_FRAMEWORK_HEADER = YES;
				CLANG_WARN_RANGE_LOOP_ANALYSIS = YES;
				CLANG_WARN_STRICT_PROTOTYPES = YES;
				CLANG_WARN_SUSPICIOUS_MOVE = YES;
				CLANG_WARN_UNGUARDED_AVAILABILITY = YES_AGGRESSIVE;
				CLANG_WARN_UNREACHABLE_CODE = YES;
				CLANG_WARN__DUPLICATE_METHOD_MATCH = YES;
				COPY_PHASE_STRIP = NO;
				DEBUG_INFORMATION_FORMAT = "dwarf-with-dsym";
				ENABLE_NS_ASSERTIONS = NO;
				ENABLE_STRICT_OBJC_MSGSEND = YES;
				GCC_C_LANGUAGE_STANDARD = gnu11;
				GCC_NO_COMMON_BLOCKS = YES;
				GCC_WARN_64_TO_32_BIT_CONVERSION = YES;
				GCC_WARN_ABOUT_RETURN_TYPE = YES_ERROR;
				GCC_WARN_UNDECLARED_SELECTOR = YES;
				GCC_WARN_UNINITIALIZED_AUTOS = YES_AGGRESSIVE;
				GCC_WARN_UNUSED_FUNCTION = YES;
				GCC_WARN_UNUSED_VARIABLE = YES;
				IPHONEOS_DEPLOYMENT_TARGET = 16.2;
				MTL_ENABLE_DEBUG_INFO = NO;
				MTL_FAST_MATH = YES;
				SDKROOT = iphoneos;
				SWIFT_COMPILATION_MODE = wholemodule;
				SWIFT_OPTIMIZATION_LEVEL = "-O";
				VALIDATE_PRODUCT = YES;
			};
			name = Release;
		};
		A312F8222A1E805F00C9B3A5 /* Debug */ = {
			isa = XCBuildConfiguration;
			buildSettings = {
				ASSETCATALOG_COMPILER_APPICON_NAME = AppIcon;
				ASSETCATALOG_COMPILER_GLOBAL_ACCENT_COLOR_NAME = AccentColor;
				CODE_SIGN_STYLE = Automatic;
				CURRENT_PROJECT_VERSION = 1;
				GENERATE_INFOPLIST_FILE = YES;
				INFOPLIST_FILE = UnitConversion/Info.plist;
				INFOPLIST_KEY_UIApplicationSupportsIndirectInputEvents = YES;
				INFOPLIST_KEY_UILaunchStoryboardName = LaunchScreen;
				INFOPLIST_KEY_UIMainStoryboardFile = Main;
				INFOPLIST_KEY_UISupportedInterfaceOrientations_iPad = "UIInterfaceOrientationPortrait UIInterfaceOrientationPortraitUpsideDown UIInterfaceOrientationLandscapeLeft UIInterfaceOrientationLandscapeRight";
				INFOPLIST_KEY_UISupportedInterfaceOrientations_iPhone = "UIInterfaceOrientationPortrait UIInterfaceOrientationLandscapeLeft UIInterfaceOrientationLandscapeRight";
				LD_RUNPATH_SEARCH_PATHS = (
					"$(inherited)",
					"@executable_path/Frameworks",
				);
				MARKETING_VERSION = 1.0;
				PRODUCT_BUNDLE_IDENTIFIER = Erwin.UnitConversion;
				PRODUCT_NAME = "$(TARGET_NAME)";
				SWIFT_EMIT_LOC_STRINGS = YES;
				SWIFT_VERSION = 5.0;
				TARGETED_DEVICE_FAMILY = "1,2";
			};
			name = Debug;
		};
		A312F8232A1E805F00C9B3A5 /* Release */ = {
			isa = XCBuildConfiguration;
			buildSettings = {
				ASSETCATALOG_COMPILER_APPICON_NAME = AppIcon;
				ASSETCATALOG_COMPILER_GLOBAL_ACCENT_COLOR_NAME = AccentColor;
				CODE_SIGN_STYLE = Automatic;
				CURRENT_PROJECT_VERSION = 1;
				GENERATE_INFOPLIST_FILE = YES;
				INFOPLIST_FILE = UnitConversion/Info.plist;
				INFOPLIST_KEY_UIApplicationSupportsIndirectInputEvents = YES;
				INFOPLIST_KEY_UILaunchStoryboardName = LaunchScreen;
				INFOPLIST_KEY_UIMainStoryboardFile = Main;
				INFOPLIST_KEY_UISupportedInterfaceOrientations_iPad = "UIInterfaceOrientationPortrait UIInterfaceOrientationPortraitUpsideDown UIInterfaceOrientationLandscapeLeft UIInterfaceOrientationLandscapeRight";
				INFOPLIST_KEY_UISupportedInterfaceOrientations_iPhone = "UIInterfaceOrientationPortrait UIInterfaceOrientationLandscapeLeft UIInterfaceOrientationLandscapeRight";
				LD_RUNPATH_SEARCH_PATHS = (
					"$(inherited)",
					"@executable_path/Frameworks",
				);
				MARKETING_VERSION = 1.0;
				PRODUCT_BUNDLE_IDENTIFIER = Erwin.UnitConversion;
				PRODUCT_NAME = "$(TARGET_NAME)";
				SWIFT_EMIT_LOC_STRINGS = YES;
				SWIFT_VERSION = 5.0;
				TARGETED_DEVICE_FAMILY = "1,2";
			};
			name = Release;
		};
		A312F8252A1E805F00C9B3A5 /* Debug */ = {
			isa = XCBuildConfiguration;
			buildSettings = {
				ALWAYS_EMBED_SWIFT_STANDARD_LIBRARIES = YES;
				BUNDLE_LOADER = "$(TEST_HOST)";
				CODE_SIGN_STYLE = Automatic;
				CURRENT_PROJECT_VERSION = 1;
				GENERATE_INFOPLIST_FILE = YES;
				IPHONEOS_DEPLOYMENT_TARGET = 16.2;
				MARKETING_VERSION = 1.0;
				PRODUCT_BUNDLE_IDENTIFIER = Erwin.UnitConversionTests;
				PRODUCT_NAME = "$(TARGET_NAME)";
				SWIFT_EMIT_LOC_STRINGS = NO;
				SWIFT_VERSION = 5.0;
				TARGETED_DEVICE_FAMILY = "1,2";
				TEST_HOST = "$(BUILT_PRODUCTS_DIR)/UnitConversion.app/$(BUNDLE_EXECUTABLE_FOLDER_PATH)/UnitConversion";
			};
			name = Debug;
		};
		A312F8262A1E805F00C9B3A5 /* Release */ = {
			isa = XCBuildConfiguration;
			buildSettings = {
				ALWAYS_EMBED_SWIFT_STANDARD_LIBRARIES = YES;
				BUNDLE_LOADER = "$(TEST_HOST)";
				CODE_SIGN_STYLE = Automatic;
				CURRENT_PROJECT_VERSION = 1;
				GENERATE_INFOPLIST_FILE = YES;
				IPHONEOS_DEPLOYMENT_TARGET = 16.2;
				MARKETING_VERSION = 1.0;
				PRODUCT_BUNDLE_IDENTIFIER = Erwin.UnitConversionTests;
				PRODUCT_NAME = "$(TARGET_NAME)";
				SWIFT_EMIT_LOC_STRINGS = NO;
				SWIFT_VERSION = 5.0;
				TARGETED_DEVICE_FAMILY = "1,2";
				TEST_HOST = "$(BUILT_PRODUCTS_DIR)/UnitConversion.app/$(BUNDLE_EXECUTABLE_FOLDER_PATH)/UnitConversion";
			};
			name = Release;
		};
		A312F8282A1E805F00C9B3A5 /* Debug */ = {
			isa = XCBuildConfiguration;
			buildSettings = {
				ALWAYS_EMBED_SWIFT_STANDARD_LIBRARIES = YES;
				CODE_SIGN_STYLE = Automatic;
				CURRENT_PROJECT_VERSION = 1;
				GENERATE_INFOPLIST_FILE = YES;
				MARKETING_VERSION = 1.0;
				PRODUCT_BUNDLE_IDENTIFIER = Erwin.UnitConversionUITests;
				PRODUCT_NAME = "$(TARGET_NAME)";
				SWIFT_EMIT_LOC_STRINGS = NO;
				SWIFT_VERSION = 5.0;
				TARGETED_DEVICE_FAMILY = "1,2";
				TEST_TARGET_NAME = UnitConversion;
			};
			name = Debug;
		};
		A312F8292A1E805F00C9B3A5 /* Release */ = {
			isa = XCBuildConfiguration;
			buildSettings = {
				ALWAYS_EMBED_SWIFT_STANDARD_LIBRARIES = YES;
				CODE_SIGN_STYLE = Automatic;
				CURRENT_PROJECT_VERSION = 1;
				GENERATE_INFOPLIST_FILE = YES;
				MARKETING_VERSION = 1.0;
				PRODUCT_BUNDLE_IDENTIFIER = Erwin.UnitConversionUITests;
				PRODUCT_NAME = "$(TARGET_NAME)";
				SWIFT_EMIT_LOC_STRINGS = NO;
				SWIFT_VERSION = 5.0;
				TARGETED_DEVICE_FAMILY = "1,2";
				TEST_TARGET_NAME = UnitConversion;
			};
			name = Release;
		};
/* End XCBuildConfiguration section */

/* Begin XCConfigurationList section */
		A312F7F22A1E805E00C9B3A5 /* Build configuration list for PBXProject "UnitConversion" */ = {
			isa = XCConfigurationList;
			buildConfigurations = (
				A312F81F2A1E805F00C9B3A5 /* Debug */,
				A312F8202A1E805F00C9B3A5 /* Release */,
			);
			defaultConfigurationIsVisible = 0;
			defaultConfigurationName = Release;
		};
		A312F8212A1E805F00C9B3A5 /* Build configuration list for PBXNativeTarget "UnitConversion" */ = {
			isa = XCConfigurationList;
			buildConfigurations = (
				A312F8222A1E805F00C9B3A5 /* Debug */,
				A312F8232A1E805F00C9B3A5 /* Release */,
			);
			defaultConfigurationIsVisible = 0;
			defaultConfigurationName = Release;
		};
		A312F8242A1E805F00C9B3A5 /* Build configuration list for PBXNativeTarget "UnitConversionTests" */ = {
			isa = XCConfigurationList;
			buildConfigurations = (
				A312F8252A1E805F00C9B3A5 /* Debug */,
				A312F8262A1E805F00C9B3A5 /* Release */,
			);
			defaultConfigurationIsVisible = 0;
			defaultConfigurationName = Release;
		};
		A312F8272A1E805F00C9B3A5 /* Build configuration list for PBXNativeTarget "UnitConversionUITests" */ = {
			isa = XCConfigurationList;
			buildConfigurations = (
				A312F8282A1E805F00C9B3A5 /* Debug */,
				A312F8292A1E805F00C9B3A5 /* Release */,
			);
			defaultConfigurationIsVisible = 0;
			defaultConfigurationName = Release;
		};
/* End XCConfigurationList section */
	};
	rootObject = A312F7EF2A1E805E00C9B3A5 /* Project object */;
}
